
Microsoft Visual Studio Solution File, Format Version 12.00
# Visual Studio Version 16
VisualStudioVersion = 16.0.30011.22
MinimumVisualStudioVersion = 10.0.40219.1
Project("{FAE04EC0-301F-11D3-BF4B-00C04F79EFBC}") = "NumericalSequenceTask", "NumericalSequenceTask\NumericalSequenceTask.csproj", "{C1F7BBD0-3A64-4212-B71C-FF28FD782153}"
EndProject
Project("{FAE04EC0-301F-11D3-BF4B-00C04F79EFBC}") = "NumericalSequenceLibrary", "NumericalSequenceLibrary\NumericalSequenceLibrary.csproj", "{593AC943-84DF-4E81-8C5F-94240A563D55}"
EndProject
Global
	GlobalSection(SolutionConfigurationPlatforms) = preSolution
		Debug|Any CPU = Debug|Any CPU
		Release|Any CPU = Release|Any CPU
	EndGlobalSection
	GlobalSection(ProjectConfigurationPlatforms) = postSolution
		{C1F7BBD0-3A64-4212-B71C-FF28FD782153}.Debug|Any CPU.ActiveCfg = Debug|Any CPU
		{C1F7BBD0-3A64-4212-B71C-FF28FD782153}.Debug|Any CPU.Build.0 = Debug|Any CPU
		{C1F7BBD0-3A64-4212-B71C-FF28FD782153}.Release|Any CPU.ActiveCfg = Release|Any CPU
		{C1F7BBD0-3A64-4212-B71C-FF28FD782153}.Release|Any CPU.Build.0 = Release|Any CPU
		{593AC943-84DF-4E81-8C5F-94240A563D55}.Debug|Any CPU.ActiveCfg = Debug|Any CPU
		{593AC943-84DF-4E81-8C5F-94240A563D55}.Debug|Any CPU.Build.0 = Debug|Any CPU
		{593AC943-84DF-4E81-8C5F-94240A563D55}.Release|Any CPU.ActiveCfg = Release|Any CPU
		{593AC943-84DF-4E81-8C5F-94240A563D55}.Release|Any CPU.Build.0 = Release|Any CPU
	EndGlobalSection
	GlobalSection(SolutionProperties) = preSolution
		HideSolutionNode = FALSE
	EndGlobalSection
	GlobalSection(ExtensibilityGlobals) = postSolution
		SolutionGuid = {86636D5C-6392-4927-B037-78667712B6B3}
	EndGlobalSection
EndGlobal
